
Microsoft Visual Studio Solution File, Format Version 12.00
# Visual Studio 15
VisualStudioVersion = 15.0.26730.16
MinimumVisualStudioVersion = 10.0.40219.1
Project("{262852C6-CD72-467D-83FE-5EEB1973A190}") = "NONAME", "NONAME\NONAME.jsproj", "{58C492AC-605D-4B53-A7B3-0C6B99C118EA}"
EndProject
Global
	GlobalSection(SolutionConfigurationPlatforms) = preSolution
		Debug|Android = Debug|Android
		Debug|iOS = Debug|iOS
		Debug|Windows-ARM = Debug|Windows-ARM
		Debug|Windows-x64 = Debug|Windows-x64
		Debug|Windows-x86 = Debug|Windows-x86
		Release|Android = Release|Android
		Release|iOS = Release|iOS
		Release|Windows-ARM = Release|Windows-ARM
		Release|Windows-x64 = Release|Windows-x64
		Release|Windows-x86 = Release|Windows-x86
	EndGlobalSection
	GlobalSection(ProjectConfigurationPlatforms) = postSolution
		{58C492AC-605D-4B53-A7B3-0C6B99C118EA}.Debug|Android.ActiveCfg = Debug|Android
		{58C492AC-605D-4B53-A7B3-0C6B99C118EA}.Debug|Android.Build.0 = Debug|Android
		{58C492AC-605D-4B53-A7B3-0C6B99C118EA}.Debug|Android.Deploy.0 = Debug|Android
		{58C492AC-605D-4B53-A7B3-0C6B99C118EA}.Debug|iOS.ActiveCfg = Debug|iOS
		{58C492AC-605D-4B53-A7B3-0C6B99C118EA}.Debug|iOS.Build.0 = Debug|iOS
		{58C492AC-605D-4B53-A7B3-0C6B99C118EA}.Debug|iOS.Deploy.0 = Debug|iOS
		{58C492AC-605D-4B53-A7B3-0C6B99C118EA}.Debug|Windows-ARM.ActiveCfg = Debug|Windows-ARM
		{58C492AC-605D-4B53-A7B3-0C6B99C118EA}.Debug|Windows-ARM.Build.0 = Debug|Windows-ARM
		{58C492AC-605D-4B53-A7B3-0C6B99C118EA}.Debug|Windows-ARM.Deploy.0 = Debug|Windows-ARM
		{58C492AC-605D-4B53-A7B3-0C6B99C118EA}.Debug|Windows-x64.ActiveCfg = Debug|Windows-x64
		{58C492AC-605D-4B53-A7B3-0C6B99C118EA}.Debug|Windows-x64.Build.0 = Debug|Windows-x64
		{58C492AC-605D-4B53-A7B3-0C6B99C118EA}.Debug|Windows-x64.Deploy.0 = Debug|Windows-x64
		{58C492AC-605D-4B53-A7B3-0C6B99C118EA}.Debug|Windows-x86.ActiveCfg = Debug|Windows-x86
		{58C492AC-605D-4B53-A7B3-0C6B99C118EA}.Debug|Windows-x86.Build.0 = Debug|Windows-x86
		{58C492AC-605D-4B53-A7B3-0C6B99C118EA}.Debug|Windows-x86.Deploy.0 = Debug|Windows-x86
		{58C492AC-605D-4B53-A7B3-0C6B99C118EA}.Release|Android.ActiveCfg = Release|Android
		{58C492AC-605D-4B53-A7B3-0C6B99C118EA}.Release|Android.Build.0 = Release|Android
		{58C492AC-605D-4B53-A7B3-0C6B99C118EA}.Release|Android.Deploy.0 = Release|Android
		{58C492AC-605D-4B53-A7B3-0C6B99C118EA}.Release|iOS.ActiveCfg = Release|iOS
		{58C492AC-605D-4B53-A7B3-0C6B99C118EA}.Release|iOS.Build.0 = Release|iOS
		{58C492AC-605D-4B53-A7B3-0C6B99C118EA}.Release|iOS.Deploy.0 = Release|iOS
		{58C492AC-605D-4B53-A7B3-0C6B99C118EA}.Release|Windows-ARM.ActiveCfg = Release|Windows-ARM
		{58C492AC-605D-4B53-A7B3-0C6B99C118EA}.Release|Windows-ARM.Build.0 = Release|Windows-ARM
		{58C492AC-605D-4B53-A7B3-0C6B99C118EA}.Release|Windows-ARM.Deploy.0 = Release|Windows-ARM
		{58C492AC-605D-4B53-A7B3-0C6B99C118EA}.Release|Windows-x64.ActiveCfg = Release|Windows-x64
		{58C492AC-605D-4B53-A7B3-0C6B99C118EA}.Release|Windows-x64.Build.0 = Release|Windows-x64
		{58C492AC-605D-4B53-A7B3-0C6B99C118EA}.Release|Windows-x64.Deploy.0 = Release|Windows-x64
		{58C492AC-605D-4B53-A7B3-0C6B99C118EA}.Release|Windows-x86.ActiveCfg = Release|Windows-x86
		{58C492AC-605D-4B53-A7B3-0C6B99C118EA}.Release|Windows-x86.Build.0 = Release|Windows-x86
		{58C492AC-605D-4B53-A7B3-0C6B99C118EA}.Release|Windows-x86.Deploy.0 = Release|Windows-x86
	EndGlobalSection
	GlobalSection(SolutionProperties) = preSolution
		HideSolutionNode = FALSE
	EndGlobalSection
	GlobalSection(ExtensibilityGlobals) = postSolution
		SolutionGuid = {3556D0C9-7670-48B5-9007-DD39011CE000}
	EndGlobalSection
EndGlobal
